
Microsoft Visual Studio Solution File, Format Version 12.00
# Visual Studio Version 17
VisualStudioVersion = 17.13.35825.156
MinimumVisualStudioVersion = 10.0.40219.1
Project("{FAE04EC0-301F-11D3-BF4B-00C04F79EFBC}") = "BreakingGymEN", "BreakingGymEN\BreakingGymEN.csproj", "{44A675E5-D743-4F20-83E6-D5D86241D1D5}"
EndProject
Project("{FAE04EC0-301F-11D3-BF4B-00C04F79EFBC}") = "BreakingGymDAL", "BreakingGymDAL\BreakingGymDAL.csproj", "{F4AA4A12-7FAA-4398-A810-31C770E63C2C}"
EndProject
Project("{FAE04EC0-301F-11D3-BF4B-00C04F79EFBC}") = "BreakingGymBL", "BreakingGymBL\BreakingGymBL.csproj", "{17155193-4DC9-455D-936B-D9C2CEE249BF}"
EndProject
Project("{FAE04EC0-301F-11D3-BF4B-00C04F79EFBC}") = "BreakingGymUI", "BreakingGymUI\BreakingGymUI.csproj", "{8243797F-72AF-4487-8E7B-3B5138B79B6E}"
EndProject
Global
	GlobalSection(SolutionConfigurationPlatforms) = preSolution
		Debug|Any CPU = Debug|Any CPU
		Release|Any CPU = Release|Any CPU
	EndGlobalSection
	GlobalSection(ProjectConfigurationPlatforms) = postSolution
		{44A675E5-D743-4F20-83E6-D5D86241D1D5}.Debug|Any CPU.ActiveCfg = Debug|Any CPU
		{44A675E5-D743-4F20-83E6-D5D86241D1D5}.Debug|Any CPU.Build.0 = Debug|Any CPU
		{44A675E5-D743-4F20-83E6-D5D86241D1D5}.Release|Any CPU.ActiveCfg = Release|Any CPU
		{44A675E5-D743-4F20-83E6-D5D86241D1D5}.Release|Any CPU.Build.0 = Release|Any CPU
		{F4AA4A12-7FAA-4398-A810-31C770E63C2C}.Debug|Any CPU.ActiveCfg = Debug|Any CPU
		{F4AA4A12-7FAA-4398-A810-31C770E63C2C}.Debug|Any CPU.Build.0 = Debug|Any CPU
		{F4AA4A12-7FAA-4398-A810-31C770E63C2C}.Release|Any CPU.ActiveCfg = Release|Any CPU
		{F4AA4A12-7FAA-4398-A810-31C770E63C2C}.Release|Any CPU.Build.0 = Release|Any CPU
		{17155193-4DC9-455D-936B-D9C2CEE249BF}.Debug|Any CPU.ActiveCfg = Debug|Any CPU
		{17155193-4DC9-455D-936B-D9C2CEE249BF}.Debug|Any CPU.Build.0 = Debug|Any CPU
		{17155193-4DC9-455D-936B-D9C2CEE249BF}.Release|Any CPU.ActiveCfg = Release|Any CPU
		{17155193-4DC9-455D-936B-D9C2CEE249BF}.Release|Any CPU.Build.0 = Release|Any CPU
		{8243797F-72AF-4487-8E7B-3B5138B79B6E}.Debug|Any CPU.ActiveCfg = Debug|Any CPU
		{8243797F-72AF-4487-8E7B-3B5138B79B6E}.Debug|Any CPU.Build.0 = Debug|Any CPU
		{8243797F-72AF-4487-8E7B-3B5138B79B6E}.Release|Any CPU.ActiveCfg = Release|Any CPU
		{8243797F-72AF-4487-8E7B-3B5138B79B6E}.Release|Any CPU.Build.0 = Release|Any CPU
	EndGlobalSection
	GlobalSection(SolutionProperties) = preSolution
		HideSolutionNode = FALSE
	EndGlobalSection
	GlobalSection(ExtensibilityGlobals) = postSolution
		SolutionGuid = {D58F51DF-87C1-4656-BF4D-EEBA8B12F9E2}
	EndGlobalSection
EndGlobal
